
Microsoft Visual Studio Solution File, Format Version 12.00
# Visual Studio Version 17
VisualStudioVersion = 17.1.32328.378
MinimumVisualStudioVersion = 10.0.40219.1
Project("{9A19103F-16F7-4668-BE54-9A1E7A4F7556}") = "SouthForkWebsite", "SouthForkWebsite\SouthForkWebsite.csproj", "{AECE169A-1520-4E9D-9F10-C4CA5D316958}"
EndProject
Global
	GlobalSection(SolutionConfigurationPlatforms) = preSolution
		Debug|Any CPU = Debug|Any CPU
		Release|Any CPU = Release|Any CPU
	EndGlobalSection
	GlobalSection(ProjectConfigurationPlatforms) = postSolution
		{AECE169A-1520-4E9D-9F10-C4CA5D316958}.Debug|Any CPU.ActiveCfg = Debug|Any CPU
		{AECE169A-1520-4E9D-9F10-C4CA5D316958}.Debug|Any CPU.Build.0 = Debug|Any CPU
		{AECE169A-1520-4E9D-9F10-C4CA5D316958}.Release|Any CPU.ActiveCfg = Release|Any CPU
		{AECE169A-1520-4E9D-9F10-C4CA5D316958}.Release|Any CPU.Build.0 = Release|Any CPU
	EndGlobalSection
	GlobalSection(SolutionProperties) = preSolution
		HideSolutionNode = FALSE
	EndGlobalSection
	GlobalSection(ExtensibilityGlobals) = postSolution
		SolutionGuid = {522DEB3C-50B0-4032-BD81-B7900A7F3B5B}
	EndGlobalSection
EndGlobal
